[[package]]
name = "async-timeout"
version = "4.0.2"
description = "Timeout context manager for asyncio programs"
category = "main"
optional = false
python-versions = ">=3.6"

[[package]]
name = "certifi"
version = "2022.9.24"
description = "Python package for providing Mozilla's CA Bundle."
category = "main"
optional = false
python-versions = ">=3.6"

[[package]]
name = "charset-normalizer"
version = "2.1.1"
description = "The Real First Universal Charset Detector. Open, modern and actively maintained alternative to Chardet."
category = "main"
optional = false
python-versions = ">=3.6.0"

[package.extras]
unicode-backport = ["unicodedata2"]

[[package]]
name = "defusedxml"
version = "0.7.1"
description = "XML bomb protection for Python stdlib modules"
category = "main"
optional = false
python-versions = ">=2.7, !=3.0.*, !=3.1.*, !=3.2.*, !=3.3.*, !=3.4.*"

[[package]]
name = "idna"
version = "3.4"
description = "Internationalized Domain Names in Applications (IDNA)"
category = "main"
optional = false
python-versions = ">=3.5"

[[package]]
name = "ifaddr"
version = "0.2.0"
description = "Cross-platform network interface and IP address enumeration library"
category = "main"
optional = false
python-versions = "*"

[[package]]
name = "librespot"
version = "0.0.7"
description = "Open Source Spotify Client"
category = "main"
optional = false
python-versions = "*"

[package.dependencies]
defusedxml = "0.7.1"
protobuf = "3.20.1"
pycryptodomex = "3.15.0"
pyogg = "0.6.14a.1"
requests = "2.28.1"
websocket-client = "1.4.2"
zeroconf = "0.39.4"

[[package]]
name = "protobuf"
version = "3.20.1"
description = "Protocol Buffers"
category = "main"
optional = false
python-versions = ">=3.7"

[[package]]
name = "pycryptodomex"
version = "3.15.0"
description = "Cryptographic library for Python"
category = "main"
optional = false
python-versions = ">=2.7, !=3.0.*, !=3.1.*, !=3.2.*, !=3.3.*, !=3.4.*"

[[package]]
name = "pyogg"
version = "0.6.14a1"
description = "Xiph.org's Ogg Vorbis, Opus and FLAC for Python"
category = "main"
optional = false
python-versions = "*"

[[package]]
name = "requests"
version = "2.28.1"
description = "Python HTTP for Humans."
category = "main"
optional = false
python-versions = ">=3.7, <4"

[package.dependencies]
certifi = ">=2017.4.17"
charset-normalizer = ">=2,<3"
idna = ">=2.5,<4"
urllib3 = ">=1.21.1,<1.27"

[package.extras]
socks = ["PySocks (>=1.5.6,!=1.5.7)"]
use-chardet-on-py3 = ["chardet (>=3.0.2,<6)"]

[[package]]
name = "urllib3"
version = "1.26.12"
description = "HTTP library with thread-safe connection pooling, file post, and more."
category = "main"
optional = false
python-versions = ">=2.7, !=3.0.*, !=3.1.*, !=3.2.*, !=3.3.*, !=3.4.*, !=3.5.*, <4"

[package.extras]
brotli = ["brotli (>=1.0.9)", "brotlicffi (>=0.8.0)", "brotlipy (>=0.6.0)"]
secure = ["certifi", "cryptography (>=1.3.4)", "idna (>=2.0.0)", "ipaddress", "pyOpenSSL (>=0.14)", "urllib3-secure-extra"]
socks = ["PySocks (>=1.5.6,!=1.5.7,<2.0)"]

[[package]]
name = "websocket-client"
version = "1.4.2"
description = "WebSocket client for Python with low level API options"
category = "main"
optional = false
python-versions = ">=3.7"

[package.extras]
docs = ["Sphinx (>=3.4)", "sphinx-rtd-theme (>=0.5)"]
optional = ["python-socks", "wsaccel"]
test = ["websockets"]

[[package]]
name = "zeroconf"
version = "0.39.4"
description = "Pure Python Multicast DNS Service Discovery Library (Bonjour/Avahi compatible)"
category = "main"
optional = false
python-versions = ">=3.7"

[package.dependencies]
async-timeout = ">=4.0.1"
ifaddr = ">=0.1.7"

[metadata]
lock-version = "1.1"
python-versions = "^3.8"
content-hash = "503ddea3b944bf5c718e98013ec465347fd2e02f34c0c48238de541bdbfc1470"

[metadata.files]
async-timeout = [
    {file = "async-timeout-4.0.2.tar.gz", hash = "sha256:2163e1640ddb52b7a8c80d0a67a08587e5d245cc9c553a74a847056bc2976b15"},
    {file = "async_timeout-4.0.2-py3-none-any.whl", hash = "sha256:8ca1e4fcf50d07413d66d1a5e416e42cfdf5851c981d679a09851a6853383b3c"},
]
certifi = [
    {file = "certifi-2022.9.24-py3-none-any.whl", hash = "sha256:90c1a32f1d68f940488354e36370f6cca89f0f106db09518524c88d6ed83f382"},
    {file = "certifi-2022.9.24.tar.gz", hash = "sha256:0d9c601124e5a6ba9712dbc60d9c53c21e34f5f641fe83002317394311bdce14"},
]
charset-normalizer = [
    {file = "charset-normalizer-2.1.1.tar.gz", hash = "sha256:5a3d016c7c547f69d6f81fb0db9449ce888b418b5b9952cc5e6e66843e9dd845"},
    {file = "charset_normalizer-2.1.1-py3-none-any.whl", hash = "sha256:83e9a75d1911279afd89352c68b45348559d1fc0506b054b346651b5e7fee29f"},
]
defusedxml = [
    {file = "defusedxml-0.7.1-py2.py3-none-any.whl", hash = "sha256:a352e7e428770286cc899e2542b6cdaedb2b4953ff269a210103ec58f6198a61"},
    {file = "defusedxml-0.7.1.tar.gz", hash = "sha256:1bb3032db185915b62d7c6209c5a8792be6a32ab2fedacc84e01b52c51aa3e69"},
]
idna = [
    {file = "idna-3.4-py3-none-any.whl", hash = "sha256:90b77e79eaa3eba6de819a0c442c0b4ceefc341a7a2ab77d7562bf49f425c5c2"},
    {file = "idna-3.4.tar.gz", hash = "sha256:814f528e8dead7d329833b91c5faa87d60bf71824cd12a7530b5526063d02cb4"},
]
ifaddr = [
    {file = "ifaddr-0.2.0-py3-none-any.whl", hash = "sha256:085e0305cfe6f16ab12d72e2024030f5d52674afad6911bb1eee207177b8a748"},
    {file = "ifaddr-0.2.0.tar.gz", hash = "sha256:cc0cbfcaabf765d44595825fb96a99bb12c79716b73b44330ea38ee2b0c4aed4"},
]
librespot = [
    {file = "librespot-0.0.7-py3-none-any.whl", hash = "sha256:6a7085b3c0ff0cbdb5b891a7001b1ab5bd71f0f6a9837b28038ad8f141cd5041"},
    {file = "librespot-0.0.7.tar.gz", hash = "sha256:d638978907eb5741c46a0c0a0afbb4bc867aa620d2bf3db05a56354710b730fb"},
]
protobuf = [
    {file = "protobuf-3.20.1-cp310-cp310-macosx_10_9_universal2.whl", hash = "sha256:3cc797c9d15d7689ed507b165cd05913acb992d78b379f6014e013f9ecb20996"},
    {file = "protobuf-3.20.1-cp310-cp310-manylinux2014_aarch64.whl", hash = "sha256:ff8d8fa42675249bb456f5db06c00de6c2f4c27a065955917b28c4f15978b9c3"},
    {file = "protobuf-3.20.1-cp310-cp310-manylinux_2_12_x86_64.manylinux2010_x86_64.whl", hash = "sha256:cd68be2559e2a3b84f517fb029ee611546f7812b1fdd0aa2ecc9bc6ec0e4fdde"},
    {file = "protobuf-3.20.1-cp310-cp310-win32.whl", hash = "sha256:9016d01c91e8e625141d24ec1b20fed584703e527d28512aa8c8707f105a683c"},
    {file = "protobuf-3.20.1-cp310-cp310-win_amd64.whl", hash = "sha256:32ca378605b41fd180dfe4e14d3226386d8d1b002ab31c969c366549e66a2bb7"},
    {file = "protobuf-3.20.1-cp36-cp36m-macosx_10_9_x86_64.whl", hash = "sha256:9be73ad47579abc26c12024239d3540e6b765182a91dbc88e23658ab71767153"},
    {file = "protobuf-3.20.1-cp36-cp36m-manylinux_2_5_x86_64.manylinux1_x86_64.whl", hash = "sha256:097c5d8a9808302fb0da7e20edf0b8d4703274d140fd25c5edabddcde43e081f"},
    {file = "protobuf-3.20.1-cp37-cp37m-macosx_10_9_x86_64.whl", hash = "sha256:e250a42f15bf9d5b09fe1b293bdba2801cd520a9f5ea2d7fb7536d4441811d20"},
    {file = "protobuf-3.20.1-cp37-cp37m-manylinux2014_aarch64.whl", hash = "sha256:cdee09140e1cd184ba9324ec1df410e7147242b94b5f8b0c64fc89e38a8ba531"},
    {file = "protobuf-3.20.1-cp37-cp37m-manylinux_2_5_x86_64.manylinux1_x86_64.whl", hash = "sha256:af0ebadc74e281a517141daad9d0f2c5d93ab78e9d455113719a45a49da9db4e"},
    {file = "protobuf-3.20.1-cp37-cp37m-win32.whl", hash = "sha256:755f3aee41354ae395e104d62119cb223339a8f3276a0cd009ffabfcdd46bb0c"},
    {file = "protobuf-3.20.1-cp37-cp37m-win_amd64.whl", hash = "sha256:62f1b5c4cd6c5402b4e2d63804ba49a327e0c386c99b1675c8a0fefda23b2067"},
    {file = "protobuf-3.20.1-cp38-cp38-macosx_10_9_x86_64.whl", hash = "sha256:06059eb6953ff01e56a25cd02cca1a9649a75a7e65397b5b9b4e929ed71d10cf"},
    {file = "protobuf-3.20.1-cp38-cp38-manylinux2014_aarch64.whl", hash = "sha256:cb29edb9eab15742d791e1025dd7b6a8f6fcb53802ad2f6e3adcb102051063ab"},
    {file = "protobuf-3.20.1-cp38-cp38-manylinux_2_5_x86_64.manylinux1_x86_64.whl", hash = "sha256:69ccfdf3657ba59569c64295b7d51325f91af586f8d5793b734260dfe2e94e2c"},
    {file = "protobuf-3.20.1-cp38-cp38-win32.whl", hash = "sha256:dd5789b2948ca702c17027c84c2accb552fc30f4622a98ab5c51fcfe8c50d3e7"},
    {file = "protobuf-3.20.1-cp38-cp38-win_amd64.whl", hash = "sha256:77053d28427a29987ca9caf7b72ccafee011257561259faba8dd308fda9a8739"},
    {file = "protobuf-3.20.1-cp39-cp39-macosx_10_9_x86_64.whl", hash = "sha256:6f50601512a3d23625d8a85b1638d914a0970f17920ff39cec63aaef80a93fb7"},
    {file = "protobuf-3.20.1-cp39-cp39-manylinux2014_aarch64.whl", hash = "sha256:284f86a6207c897542d7e956eb243a36bb8f9564c1742b253462386e96c6b78f"},
    {file = "protobuf-3.20.1-cp39-cp39-manylinux_2_5_x86_64.manylinux1_x86_64.whl", hash = "sha256:7403941f6d0992d40161aa8bb23e12575637008a5a02283a930addc0508982f9"},
    {file = "protobuf-3.20.1-cp39-cp39-win32.whl", hash = "sha256:db977c4ca738dd9ce508557d4fce0f5aebd105e158c725beec86feb1f6bc20d8"},
    {file = "protobuf-3.20.1-cp39-cp39-win_amd64.whl", hash = "sha256:7e371f10abe57cee5021797126c93479f59fccc9693dafd6bd5633ab67808a91"},
    {file = "protobuf-3.20.1-py2.py3-none-any.whl", hash = "sha256:adfc6cf69c7f8c50fd24c793964eef18f0ac321315439d94945820612849c388"},
    {file = "protobuf-3.20.1.tar.gz", hash = "sha256:adc31566d027f45efe3f44eeb5b1f329da43891634d61c75a5944e9be6dd42c9"},
]
pycryptodomex = [
    {file = "pycryptodomex-3.15.0-cp27-cp27m-macosx_10_9_x86_64.whl", hash = "sha256:6f5b6ba8aefd624834bc177a2ac292734996bb030f9d1b388e7504103b6fcddf"},
    {file = "pycryptodomex-3.15.0-cp27-cp27m-manylinux1_i686.whl", hash = "sha256:4540904c09704b6f831059c0dfb38584acb82cb97b0125cd52688c1f1e3fffa6"},
    {file = "pycryptodomex-3.15.0-cp27-cp27m-manylinux1_x86_64.whl", hash = "sha256:0fadb9f7fa3150577800eef35f62a8a24b9ddf1563ff060d9bd3af22d3952c8c"},
    {file = "pycryptodomex-3.15.0-cp27-cp27m-manylinux2010_i686.whl", hash = "sha256:fc9bc7a9b79fe5c750fc81a307052f8daabb709bdaabb0fb18fb136b66b653b5"},
    {file = "pycryptodomex-3.15.0-cp27-cp27m-manylinux2010_x86_64.whl", hash = "sha256:f8be976cec59b11f011f790b88aca67b4ea2bd286578d0bd3e31bcd19afcd3e4"},
    {file = "pycryptodomex-3.15.0-cp27-cp27m-manylinux2014_aarch64.whl", hash = "sha256:78d9621cf0ea35abf2d38fa2ca6d0634eab6c991a78373498ab149953787e5e5"},
    {file = "pycryptodomex-3.15.0-cp27-cp27m-win32.whl", hash = "sha256:b6306403228edde6e289f626a3908a2f7f67c344e712cf7c0a508bab3ad9e381"},
    {file = "pycryptodomex-3.15.0-cp27-cp27m-win_amd64.whl", hash = "sha256:48697790203909fab02a33226fda546604f4e2653f9d47bc5d3eb40879fa7c64"},
    {file = "pycryptodomex-3.15.0-cp27-cp27mu-manylinux1_i686.whl", hash = "sha256:18e2ab4813883ae63396c0ffe50b13554b32bb69ec56f0afaf052e7a7ae0d55b"},
    {file = "pycryptodomex-3.15.0-cp27-cp27mu-manylinux1_x86_64.whl", hash = "sha256:3709f13ca3852b0b07fc04a2c03b379189232b24007c466be0f605dd4723e9d4"},
    {file = "pycryptodomex-3.15.0-cp27-cp27mu-manylinux2010_i686.whl", hash = "sha256:191e73bc84a8064ad1874dba0ebadedd7cce4dedee998549518f2c74a003b2e1"},
    {file = "pycryptodomex-3.15.0-cp27-cp27mu-manylinux2010_x86_64.whl", hash = "sha256:e3164a18348bd53c69b4435ebfb4ac8a4076291ffa2a70b54f0c4b80c7834b1d"},
    {file = "pycryptodomex-3.15.0-cp27-cp27mu-manylinux2014_aarch64.whl", hash = "sha256:5676a132169a1c1a3712edf25250722ebc8c9102aa9abd814df063ca8362454f"},
    {file = "pycryptodomex-3.15.0-cp35-abi3-macosx_10_9_x86_64.whl", hash = "sha256:e2b12968522a0358b8917fc7b28865acac002f02f4c4c6020fcb264d76bfd06d"},
    {file = "pycryptodomex-3.15.0-cp35-abi3-manylinux1_i686.whl", hash = "sha256:e47bf8776a7e15576887f04314f5228c6527b99946e6638cf2f16da56d260cab"},
    {file = "pycryptodomex-3.15.0-cp35-abi3-manylinux1_x86_64.whl", hash = "sha256:996e1ba717077ce1e6d4849af7a1426f38b07b3d173b879e27d5e26d2e958beb"},
    {file = "pycryptodomex-3.15.0-cp35-abi3-manylinux2010_i686.whl", hash = "sha256:65204412d0c6a8e3c41e21e93a5e6054a74fea501afa03046a388cf042e3377a"},
    {file = "pycryptodomex-3.15.0-cp35-abi3-manylinux2010_x86_64.whl", hash = "sha256:dd452a5af7014e866206d41751886c9b4bf379a339fdf2dbfc7dd16c0fb4f8e0"},
    {file = "pycryptodomex-3.15.0-cp35-abi3-manylinux2014_aarch64.whl", hash = "sha256:b9279adc16e4b0f590ceff581f53a80179b02cba9056010d733eb4196134a870"},
    {file = "pycryptodomex-3.15.0-cp35-abi3-win32.whl", hash = "sha256:46b3f05f2f7ac7841053da4e0f69616929ca3c42f238c405f6c3df7759ad2780"},
    {file = "pycryptodomex-3.15.0-cp35-abi3-win_amd64.whl", hash = "sha256:8eecdf9cdc7343001d047f951b9cc805cd68cb6cd77b20ea46af5bffc5bd3dfb"},
    {file = "pycryptodomex-3.15.0-pp27-pypy_73-macosx_10_9_x86_64.whl", hash = "sha256:67e1e6a92151023ccdfcfbc0afb3314ad30080793b4c27956ea06ab1fb9bcd8a"},
    {file = "pycryptodomex-3.15.0-pp27-pypy_73-manylinux1_x86_64.whl", hash = "sha256:c4cb9cb492ea7dcdf222a8d19a1d09002798ea516aeae8877245206d27326d86"},
    {file = "pycryptodomex-3.15.0-pp27-pypy_73-manylinux2010_x86_64.whl", hash = "sha256:94c7b60e1f52e1a87715571327baea0733708ab4723346598beca4a3b6879794"},
    {file = "pycryptodomex-3.15.0-pp27-pypy_73-win32.whl", hash = "sha256:04cc393045a8f19dd110c975e30f38ed7ab3faf21ede415ea67afebd95a22380"},
    {file = "pycryptodomex-3.15.0-pp36-pypy36_pp73-macosx_10_9_x86_64.whl", hash = "sha256:0776bfaf2c48154ab54ea45392847c1283d2fcf64e232e85565f858baedfc1fa"},
    {file = "pycryptodomex-3.15.0-pp36-pypy36_pp73-manylinux1_x86_64.whl", hash = "sha256:463119d7d22d0fc04a0f9122e9d3e6121c6648bcb12a052b51bd1eed1b996aa2"},
    {file = "pycryptodomex-3.15.0-pp36-pypy36_pp73-manylinux2010_x86_64.whl", hash = "sha256:a07a64709e366c2041cd5cfbca592b43998bf4df88f7b0ca73dca37071ccf1bd"},
    {file = "pycryptodomex-3.15.0-pp36-pypy36_pp73-win32.whl", hash = "sha256:35a8f7afe1867118330e2e0e0bf759c409e28557fb1fc2fbb1c6c937297dbe9a"},
    {file = "pycryptodomex-3.15.0.tar.gz", hash = "sha256:7341f1bb2dadb0d1a0047f34c3a58208a92423cdbd3244d998e4b28df5eac0ed"},
]
pyogg = [
    {file = "PyOgg-0.6.14a1-py2.py3-none-win32.whl", hash = "sha256:794db340fb5833afb4f493b40f91e3e0f594606fd4b31aea0ebf5be2de9da964"},
    {file = "PyOgg-0.6.14a1-py2.py3-none-win_amd64.whl", hash = "sha256:40f79b288b3a667309890885f4cf53371163b7dae17eb17567fb24ab467eca26"},
    {file = "PyOgg-0.6.14a1.tar.gz", hash = "sha256:8294b34aa59c90200c4630c2cc4a5b84407209141e8e5d069d7a5be358e94262"},
]
requests = [
    {file = "requests-2.28.1-py3-none-any.whl", hash = "sha256:8fefa2a1a1365bf5520aac41836fbee479da67864514bdb821f31ce07ce65349"},
    {file = "requests-2.28.1.tar.gz", hash = "sha256:7c5599b102feddaa661c826c56ab4fee28bfd17f5abca1ebbe3e7f19d7c97983"},
]
urllib3 = [
    {file = "urllib3-1.26.12-py2.py3-none-any.whl", hash = "sha256:b930dd878d5a8afb066a637fbb35144fe7901e3b209d1cd4f524bd0e9deee997"},
    {file = "urllib3-1.26.12.tar.gz", hash = "sha256:3fa96cf423e6987997fc326ae8df396db2a8b7c667747d47ddd8ecba91f4a74e"},
]
websocket-client = [
    {file = "websocket-client-1.4.2.tar.gz", hash = "sha256:d6e8f90ca8e2dd4e8027c4561adeb9456b54044312dba655e7cae652ceb9ae59"},
    {file = "websocket_client-1.4.2-py3-none-any.whl", hash = "sha256:d6b06432f184438d99ac1f456eaf22fe1ade524c3dd16e661142dc54e9cba574"},
]
zeroconf = [
    {file = "zeroconf-0.39.4-py3-none-any.whl", hash = "sha256:d60eae9e9c99d1a168ce9ff9de7e7398c23754a0c2004ded230f8d529c5260a0"},
    {file = "zeroconf-0.39.4.tar.gz", hash = "sha256:701e4d697f89fe952aa9c13a512ed6bf472dcf4f0a6d275e71085604b3882295"},
]
