[[package]]
name = "async-timeout"
version = "4.0.2"
description = "Timeout context manager for asyncio programs"
category = "main"
optional = false
python-versions = ">=3.6"

[package.dependencies]
typing-extensions = {version = ">=3.6.5", markers = "python_version < \"3.8\""}

[[package]]
name = "certifi"
version = "2022.9.24"
description = "Python package for providing Mozilla's CA Bundle."
category = "main"
optional = false
python-versions = ">=3.6"

[[package]]
name = "charset-normalizer"
version = "2.1.1"
description = "The Real First Universal Charset Detector. Open, modern and actively maintained alternative to Chardet."
category = "main"
optional = false
python-versions = ">=3.6.0"

[package.extras]
unicode-backport = ["unicodedata2"]

[[package]]
name = "defusedxml"
version = "0.7.1"
description = "XML bomb protection for Python stdlib modules"
category = "main"
optional = false
python-versions = ">=2.7, !=3.0.*, !=3.1.*, !=3.2.*, !=3.3.*, !=3.4.*"

[[package]]
name = "idna"
version = "3.4"
description = "Internationalized Domain Names in Applications (IDNA)"
category = "main"
optional = false
python-versions = ">=3.5"

[[package]]
name = "ifaddr"
version = "0.2.0"
description = "Cross-platform network interface and IP address enumeration library"
category = "main"
optional = false
python-versions = "*"

[[package]]
name = "importlib-metadata"
version = "5.1.0"
description = "Read metadata from Python packages"
category = "main"
optional = false
python-versions = ">=3.7"

[package.dependencies]
typing-extensions = {version = ">=3.6.4", markers = "python_version < \"3.8\""}
zipp = ">=0.5"

[package.extras]
docs = ["furo", "jaraco.packaging (>=9)", "jaraco.tidelift (>=1.4)", "rst.linker (>=1.9)", "sphinx (>=3.5)"]
perf = ["ipython"]
testing = ["flake8 (<5)", "flufl.flake8", "importlib-resources (>=1.3)", "packaging", "pyfakefs", "pytest (>=6)", "pytest-black (>=0.3.7)", "pytest-checkdocs (>=2.4)", "pytest-cov", "pytest-enabler (>=1.3)", "pytest-flake8", "pytest-mypy (>=0.9.1)", "pytest-perf (>=0.9.2)"]

[[package]]
name = "librespot"
version = "0.0.9"
description = "Open Source Spotify Client"
category = "main"
optional = false
python-versions = "*"

[package.dependencies]
defusedxml = "0.7.1"
protobuf = "3.20.1"
pycryptodomex = "3.17"
pyogg = "0.6.14a.1"
requests = "2.30.0"
websocket-client = "1.5.1"
zeroconf = "0.62.0"

[[package]]
name = "protobuf"
version = "3.20.1"
description = "Protocol Buffers"
category = "main"
optional = false
python-versions = ">=3.7"

[[package]]
name = "pycryptodomex"
version = "3.17"
description = "Cryptographic library for Python"
category = "main"
optional = false
python-versions = ">=2.7, !=3.0.*, !=3.1.*, !=3.2.*, !=3.3.*, !=3.4.*"

[[package]]
name = "pyogg"
version = "0.6.14a1"
description = "Xiph.org's Ogg Vorbis, Opus and FLAC for Python"
category = "main"
optional = false
python-versions = "*"

[[package]]
name = "redis"
version = "4.4.0"
description = "Python client for Redis database and key-value store"
category = "main"
optional = false
python-versions = ">=3.7"

[package.dependencies]
async-timeout = ">=4.0.2"
importlib-metadata = {version = ">=1.0", markers = "python_version < \"3.8\""}
typing-extensions = {version = "*", markers = "python_version < \"3.8\""}

[package.extras]
hiredis = ["hiredis (>=1.0.0)"]
ocsp = ["cryptography (>=36.0.1)", "pyopenssl (==20.0.1)", "requests (>=2.26.0)"]

[[package]]
name = "requests"
version = "2.30.0"
description = "Python HTTP for Humans."
category = "main"
optional = false
python-versions = ">=3.7"

[package.dependencies]
certifi = ">=2017.4.17"
charset-normalizer = ">=2,<4"
idna = ">=2.5,<4"
urllib3 = ">=1.21.1,<3"

[package.extras]
socks = ["PySocks (>=1.5.6,!=1.5.7)"]
use-chardet-on-py3 = ["chardet (>=3.0.2,<6)"]

[[package]]
name = "six"
version = "1.16.0"
description = "Python 2 and 3 compatibility utilities"
category = "main"
optional = false
python-versions = ">=2.7, !=3.0.*, !=3.1.*, !=3.2.*"

[[package]]
name = "spotipy"
version = "2.21.0"
description = "A light weight Python library for the Spotify Web API"
category = "main"
optional = false
python-versions = "*"

[package.dependencies]
redis = ">=3.5.3"
requests = ">=2.25.0"
six = ">=1.15.0"
urllib3 = ">=1.26.0"

[package.extras]
doc = ["Sphinx (>=1.5.2)"]
test = ["mock (==2.0.0)"]

[[package]]
name = "typing-extensions"
version = "4.4.0"
description = "Backported and Experimental Type Hints for Python 3.7+"
category = "main"
optional = false
python-versions = ">=3.7"

[[package]]
name = "urllib3"
version = "1.26.12"
description = "HTTP library with thread-safe connection pooling, file post, and more."
category = "main"
optional = false
python-versions = ">=2.7, !=3.0.*, !=3.1.*, !=3.2.*, !=3.3.*, !=3.4.*, !=3.5.*, <4"

[package.extras]
brotli = ["brotli (>=1.0.9)", "brotlicffi (>=0.8.0)", "brotlipy (>=0.6.0)"]
secure = ["certifi", "cryptography (>=1.3.4)", "idna (>=2.0.0)", "ipaddress", "pyOpenSSL (>=0.14)", "urllib3-secure-extra"]
socks = ["PySocks (>=1.5.6,!=1.5.7,<2.0)"]

[[package]]
name = "websocket-client"
version = "1.5.1"
description = "WebSocket client for Python with low level API options"
category = "main"
optional = false
python-versions = ">=3.7"

[package.extras]
docs = ["Sphinx (>=3.4)", "sphinx-rtd-theme (>=0.5)"]
optional = ["python-socks", "wsaccel"]
test = ["websockets"]

[[package]]
name = "zeroconf"
version = "0.62.0"
description = "A pure python implementation of multicast DNS service discovery"
category = "main"
optional = false
python-versions = ">=3.7,<4.0"

[package.dependencies]
async-timeout = {version = ">=3.0.0", markers = "python_version < \"3.11\""}
ifaddr = ">=0.1.7"

[[package]]
name = "zipp"
version = "3.11.0"
description = "Backport of pathlib-compatible object wrapper for zip files"
category = "main"
optional = false
python-versions = ">=3.7"

[package.extras]
docs = ["furo", "jaraco.packaging (>=9)", "jaraco.tidelift (>=1.4)", "rst.linker (>=1.9)", "sphinx (>=3.5)"]
testing = ["flake8 (<5)", "func-timeout", "jaraco.functools", "jaraco.itertools", "more-itertools", "pytest (>=6)", "pytest-black (>=0.3.7)", "pytest-checkdocs (>=2.4)", "pytest-cov", "pytest-enabler (>=1.3)", "pytest-flake8", "pytest-mypy (>=0.9.1)"]

[metadata]
lock-version = "1.1"
python-versions = ">=3.7,<4.0"
content-hash = "259e8f9db21f9a9bbb6b6f86a0390ff53d467710ebc933defe2fbe3aebd02955"

[metadata.files]
async-timeout = [
    {file = "async-timeout-4.0.2.tar.gz", hash = "sha256:2163e1640ddb52b7a8c80d0a67a08587e5d245cc9c553a74a847056bc2976b15"},
    {file = "async_timeout-4.0.2-py3-none-any.whl", hash = "sha256:8ca1e4fcf50d07413d66d1a5e416e42cfdf5851c981d679a09851a6853383b3c"},
]
certifi = [
    {file = "certifi-2022.9.24-py3-none-any.whl", hash = "sha256:90c1a32f1d68f940488354e36370f6cca89f0f106db09518524c88d6ed83f382"},
    {file = "certifi-2022.9.24.tar.gz", hash = "sha256:0d9c601124e5a6ba9712dbc60d9c53c21e34f5f641fe83002317394311bdce14"},
]
charset-normalizer = [
    {file = "charset-normalizer-2.1.1.tar.gz", hash = "sha256:5a3d016c7c547f69d6f81fb0db9449ce888b418b5b9952cc5e6e66843e9dd845"},
    {file = "charset_normalizer-2.1.1-py3-none-any.whl", hash = "sha256:83e9a75d1911279afd89352c68b45348559d1fc0506b054b346651b5e7fee29f"},
]
defusedxml = [
    {file = "defusedxml-0.7.1-py2.py3-none-any.whl", hash = "sha256:a352e7e428770286cc899e2542b6cdaedb2b4953ff269a210103ec58f6198a61"},
    {file = "defusedxml-0.7.1.tar.gz", hash = "sha256:1bb3032db185915b62d7c6209c5a8792be6a32ab2fedacc84e01b52c51aa3e69"},
]
idna = [
    {file = "idna-3.4-py3-none-any.whl", hash = "sha256:90b77e79eaa3eba6de819a0c442c0b4ceefc341a7a2ab77d7562bf49f425c5c2"},
    {file = "idna-3.4.tar.gz", hash = "sha256:814f528e8dead7d329833b91c5faa87d60bf71824cd12a7530b5526063d02cb4"},
]
ifaddr = [
    {file = "ifaddr-0.2.0-py3-none-any.whl", hash = "sha256:085e0305cfe6f16ab12d72e2024030f5d52674afad6911bb1eee207177b8a748"},
    {file = "ifaddr-0.2.0.tar.gz", hash = "sha256:cc0cbfcaabf765d44595825fb96a99bb12c79716b73b44330ea38ee2b0c4aed4"},
]
importlib-metadata = [
    {file = "importlib_metadata-5.1.0-py3-none-any.whl", hash = "sha256:d84d17e21670ec07990e1044a99efe8d615d860fd176fc29ef5c306068fda313"},
    {file = "importlib_metadata-5.1.0.tar.gz", hash = "sha256:d5059f9f1e8e41f80e9c56c2ee58811450c31984dfa625329ffd7c0dad88a73b"},
]
librespot = [
    {file = "librespot-0.0.9-py3-none-any.whl", hash = "sha256:901b42d24d56112c52b0550b22115c4666de9a54c2fb57507beb63392f4c3c32"},
    {file = "librespot-0.0.9.tar.gz", hash = "sha256:b997ae7cf5fc1b5a430acb4ef0e80cd820ebaa60818d326fccd724c184e42a44"},
]
protobuf = [
    {file = "protobuf-3.20.1-cp310-cp310-macosx_10_9_universal2.whl", hash = "sha256:3cc797c9d15d7689ed507b165cd05913acb992d78b379f6014e013f9ecb20996"},
    {file = "protobuf-3.20.1-cp310-cp310-manylinux2014_aarch64.whl", hash = "sha256:ff8d8fa42675249bb456f5db06c00de6c2f4c27a065955917b28c4f15978b9c3"},
    {file = "protobuf-3.20.1-cp310-cp310-manylinux_2_12_x86_64.manylinux2010_x86_64.whl", hash = "sha256:cd68be2559e2a3b84f517fb029ee611546f7812b1fdd0aa2ecc9bc6ec0e4fdde"},
    {file = "protobuf-3.20.1-cp310-cp310-win32.whl", hash = "sha256:9016d01c91e8e625141d24ec1b20fed584703e527d28512aa8c8707f105a683c"},
    {file = "protobuf-3.20.1-cp310-cp310-win_amd64.whl", hash = "sha256:32ca378605b41fd180dfe4e14d3226386d8d1b002ab31c969c366549e66a2bb7"},
    {file = "protobuf-3.20.1-cp36-cp36m-macosx_10_9_x86_64.whl", hash = "sha256:9be73ad47579abc26c12024239d3540e6b765182a91dbc88e23658ab71767153"},
    {file = "protobuf-3.20.1-cp36-cp36m-manylinux_2_5_x86_64.manylinux1_x86_64.whl", hash = "sha256:097c5d8a9808302fb0da7e20edf0b8d4703274d140fd25c5edabddcde43e081f"},
    {file = "protobuf-3.20.1-cp37-cp37m-macosx_10_9_x86_64.whl", hash = "sha256:e250a42f15bf9d5b09fe1b293bdba2801cd520a9f5ea2d7fb7536d4441811d20"},
    {file = "protobuf-3.20.1-cp37-cp37m-manylinux2014_aarch64.whl", hash = "sha256:cdee09140e1cd184ba9324ec1df410e7147242b94b5f8b0c64fc89e38a8ba531"},
    {file = "protobuf-3.20.1-cp37-cp37m-manylinux_2_5_x86_64.manylinux1_x86_64.whl", hash = "sha256:af0ebadc74e281a517141daad9d0f2c5d93ab78e9d455113719a45a49da9db4e"},
    {file = "protobuf-3.20.1-cp37-cp37m-win32.whl", hash = "sha256:755f3aee41354ae395e104d62119cb223339a8f3276a0cd009ffabfcdd46bb0c"},
    {file = "protobuf-3.20.1-cp37-cp37m-win_amd64.whl", hash = "sha256:62f1b5c4cd6c5402b4e2d63804ba49a327e0c386c99b1675c8a0fefda23b2067"},
    {file = "protobuf-3.20.1-cp38-cp38-macosx_10_9_x86_64.whl", hash = "sha256:06059eb6953ff01e56a25cd02cca1a9649a75a7e65397b5b9b4e929ed71d10cf"},
    {file = "protobuf-3.20.1-cp38-cp38-manylinux2014_aarch64.whl", hash = "sha256:cb29edb9eab15742d791e1025dd7b6a8f6fcb53802ad2f6e3adcb102051063ab"},
    {file = "protobuf-3.20.1-cp38-cp38-manylinux_2_5_x86_64.manylinux1_x86_64.whl", hash = "sha256:69ccfdf3657ba59569c64295b7d51325f91af586f8d5793b734260dfe2e94e2c"},
    {file = "protobuf-3.20.1-cp38-cp38-win32.whl", hash = "sha256:dd5789b2948ca702c17027c84c2accb552fc30f4622a98ab5c51fcfe8c50d3e7"},
    {file = "protobuf-3.20.1-cp38-cp38-win_amd64.whl", hash = "sha256:77053d28427a29987ca9caf7b72ccafee011257561259faba8dd308fda9a8739"},
    {file = "protobuf-3.20.1-cp39-cp39-macosx_10_9_x86_64.whl", hash = "sha256:6f50601512a3d23625d8a85b1638d914a0970f17920ff39cec63aaef80a93fb7"},
    {file = "protobuf-3.20.1-cp39-cp39-manylinux2014_aarch64.whl", hash = "sha256:284f86a6207c897542d7e956eb243a36bb8f9564c1742b253462386e96c6b78f"},
    {file = "protobuf-3.20.1-cp39-cp39-manylinux_2_5_x86_64.manylinux1_x86_64.whl", hash = "sha256:7403941f6d0992d40161aa8bb23e12575637008a5a02283a930addc0508982f9"},
    {file = "protobuf-3.20.1-cp39-cp39-win32.whl", hash = "sha256:db977c4ca738dd9ce508557d4fce0f5aebd105e158c725beec86feb1f6bc20d8"},
    {file = "protobuf-3.20.1-cp39-cp39-win_amd64.whl", hash = "sha256:7e371f10abe57cee5021797126c93479f59fccc9693dafd6bd5633ab67808a91"},
    {file = "protobuf-3.20.1-py2.py3-none-any.whl", hash = "sha256:adfc6cf69c7f8c50fd24c793964eef18f0ac321315439d94945820612849c388"},
    {file = "protobuf-3.20.1.tar.gz", hash = "sha256:adc31566d027f45efe3f44eeb5b1f329da43891634d61c75a5944e9be6dd42c9"},
]
pycryptodomex = [
    {file = "pycryptodomex-3.17-cp27-cp27m-macosx_10_9_x86_64.whl", hash = "sha256:12056c38e49d972f9c553a3d598425f8a1c1d35b2e4330f89d5ff1ffb70de041"},
    {file = "pycryptodomex-3.17-cp27-cp27m-manylinux2010_i686.whl", hash = "sha256:ab33c2d9f275e05e235dbca1063753b5346af4a5cac34a51fa0da0d4edfb21d7"},
    {file = "pycryptodomex-3.17-cp27-cp27m-manylinux2010_x86_64.whl", hash = "sha256:caa937ff29d07a665dfcfd7a84f0d4207b2ebf483362fa9054041d67fdfacc20"},
    {file = "pycryptodomex-3.17-cp27-cp27m-manylinux2014_aarch64.whl", hash = "sha256:db23d7341e21b273d2440ec6faf6c8b1ca95c8894da612e165be0b89a8688340"},
    {file = "pycryptodomex-3.17-cp27-cp27m-musllinux_1_1_aarch64.whl", hash = "sha256:f854c8476512cebe6a8681cc4789e4fcff6019c17baa0fd72b459155dc605ab4"},
    {file = "pycryptodomex-3.17-cp27-cp27m-win32.whl", hash = "sha256:a57e3257bacd719769110f1f70dd901c5b6955e9596ad403af11a3e6e7e3311c"},
    {file = "pycryptodomex-3.17-cp27-cp27m-win_amd64.whl", hash = "sha256:d38ab9e53b1c09608ba2d9b8b888f1e75d6f66e2787e437adb1fecbffec6b112"},
    {file = "pycryptodomex-3.17-cp27-cp27mu-manylinux2010_i686.whl", hash = "sha256:3c2516b42437ae6c7a29ef3ddc73c8d4714e7b6df995b76be4695bbe4b3b5cd2"},
    {file = "pycryptodomex-3.17-cp27-cp27mu-manylinux2010_x86_64.whl", hash = "sha256:5c23482860302d0d9883404eaaa54b0615eefa5274f70529703e2c43cc571827"},
    {file = "pycryptodomex-3.17-cp27-cp27mu-manylinux2014_aarch64.whl", hash = "sha256:7a8dc3ee7a99aae202a4db52de5a08aa4d01831eb403c4d21da04ec2f79810db"},
    {file = "pycryptodomex-3.17-cp27-cp27mu-musllinux_1_1_aarch64.whl", hash = "sha256:7cc28dd33f1f3662d6da28ead4f9891035f63f49d30267d3b41194c8778997c8"},
    {file = "pycryptodomex-3.17-cp35-abi3-macosx_10_9_universal2.whl", hash = "sha256:2d4d395f109faba34067a08de36304e846c791808524614c731431ee048fe70a"},
    {file = "pycryptodomex-3.17-cp35-abi3-macosx_10_9_x86_64.whl", hash = "sha256:55eed98b4150a744920597c81b3965b632038781bab8a08a12ea1d004213c600"},
    {file = "pycryptodomex-3.17-cp35-abi3-manylinux2014_aarch64.whl", hash = "sha256:7fa0b52df90343fafe319257b31d909be1d2e8852277fb0376ba89d26d2921db"},
    {file = "pycryptodomex-3.17-cp35-abi3-manylinux_2_17_x86_64.manylinux2014_x86_64.whl", hash = "sha256:78f0ddd4adc64baa39b416f3637aaf99f45acb0bcdc16706f0cc7ebfc6f10109"},
    {file = "pycryptodomex-3.17-cp35-abi3-manylinux_2_5_i686.manylinux1_i686.manylinux_2_17_i686.manylinux2014_i686.whl", hash = "sha256:a4fa037078e92c7cc49f6789a8bac3de06856740bb2038d05f2d9a2e4b165d59"},
    {file = "pycryptodomex-3.17-cp35-abi3-musllinux_1_1_aarch64.whl", hash = "sha256:88b0d5bb87eaf2a31e8a759302b89cf30c97f2f8ca7d83b8c9208abe8acb447a"},
    {file = "pycryptodomex-3.17-cp35-abi3-musllinux_1_1_i686.whl", hash = "sha256:6feedf4b0e36b395329b4186a805f60f900129cdf0170e120ecabbfcb763995d"},
    {file = "pycryptodomex-3.17-cp35-abi3-musllinux_1_1_x86_64.whl", hash = "sha256:7a6651a07f67c28b6e978d63aa3a3fccea0feefed9a8453af3f7421a758461b7"},
    {file = "pycryptodomex-3.17-cp35-abi3-win32.whl", hash = "sha256:32e764322e902bbfac49ca1446604d2839381bbbdd5a57920c9daaf2e0b778df"},
    {file = "pycryptodomex-3.17-cp35-abi3-win_amd64.whl", hash = "sha256:4b51e826f0a04d832eda0790bbd0665d9bfe73e5a4d8ea93b6a9b38beeebe935"},
    {file = "pycryptodomex-3.17-pp27-pypy_73-macosx_10_9_x86_64.whl", hash = "sha256:d4cf0128da167562c49b0e034f09e9cedd733997354f2314837c2fa461c87bb1"},
    {file = "pycryptodomex-3.17-pp27-pypy_73-manylinux2010_x86_64.whl", hash = "sha256:c92537b596bd5bffb82f8964cabb9fef1bca8a28a9e0a69ffd3ec92a4a7ad41b"},
    {file = "pycryptodomex-3.17-pp27-pypy_73-win32.whl", hash = "sha256:599bb4ae4bbd614ca05f49bd4e672b7a250b80b13ae1238f05fd0f09d87ed80a"},
    {file = "pycryptodomex-3.17-pp38-pypy38_pp73-macosx_10_9_x86_64.whl", hash = "sha256:4c4674f4b040321055c596aac926d12f7f6859dfe98cd12f4d9453b43ab6adc8"},
    {file = "pycryptodomex-3.17-pp38-pypy38_pp73-manylinux_2_17_x86_64.manylinux2014_x86_64.whl", hash = "sha256:67a3648025e4ddb72d43addab764336ba2e670c8377dba5dd752e42285440d31"},
    {file = "pycryptodomex-3.17-pp38-pypy38_pp73-manylinux_2_5_i686.manylinux1_i686.manylinux_2_17_i686.manylinux2014_i686.whl", hash = "sha256:40e8a11f578bd0851b02719c862d55d3ee18d906c8b68a9c09f8c564d6bb5b92"},
    {file = "pycryptodomex-3.17-pp38-pypy38_pp73-win_amd64.whl", hash = "sha256:23d83b610bd97704f0cd3acc48d99b76a15c8c1540d8665c94d514a49905bad7"},
    {file = "pycryptodomex-3.17-pp39-pypy39_pp73-macosx_10_9_x86_64.whl", hash = "sha256:fd29d35ac80755e5c0a99d96b44fb9abbd7e871849581ea6a4cb826d24267537"},
    {file = "pycryptodomex-3.17-pp39-pypy39_pp73-manylinux_2_17_x86_64.manylinux2014_x86_64.whl", hash = "sha256:64b876d57cb894b31056ad8dd6a6ae1099b117ae07a3d39707221133490e5715"},
    {file = "pycryptodomex-3.17-pp39-pypy39_pp73-manylinux_2_5_i686.manylinux1_i686.manylinux_2_17_i686.manylinux2014_i686.whl", hash = "sha256:ee8bf4fdcad7d66beb744957db8717afc12d176e3fd9c5d106835133881a049b"},
    {file = "pycryptodomex-3.17-pp39-pypy39_pp73-win_amd64.whl", hash = "sha256:c84689c73358dfc23f9fdcff2cb9e7856e65e2ce3b5ed8ff630d4c9bdeb1867b"},
    {file = "pycryptodomex-3.17.tar.gz", hash = "sha256:0af93aad8d62e810247beedef0261c148790c52f3cd33643791cc6396dd217c1"},
]
pyogg = [
    {file = "PyOgg-0.6.14a1-py2.py3-none-win32.whl", hash = "sha256:794db340fb5833afb4f493b40f91e3e0f594606fd4b31aea0ebf5be2de9da964"},
    {file = "PyOgg-0.6.14a1-py2.py3-none-win_amd64.whl", hash = "sha256:40f79b288b3a667309890885f4cf53371163b7dae17eb17567fb24ab467eca26"},
    {file = "PyOgg-0.6.14a1.tar.gz", hash = "sha256:8294b34aa59c90200c4630c2cc4a5b84407209141e8e5d069d7a5be358e94262"},
]
redis = [
    {file = "redis-4.4.0-py3-none-any.whl", hash = "sha256:cae3ee5d1f57d8caf534cd8764edf3163c77e073bdd74b6f54a87ffafdc5e7d9"},
    {file = "redis-4.4.0.tar.gz", hash = "sha256:7b8c87d19c45d3f1271b124858d2a5c13160c4e74d4835e28273400fa34d5228"},
]
requests = [
    {file = "requests-2.30.0-py3-none-any.whl", hash = "sha256:10e94cc4f3121ee6da529d358cdaeaff2f1c409cd377dbc72b825852f2f7e294"},
    {file = "requests-2.30.0.tar.gz", hash = "sha256:239d7d4458afcb28a692cdd298d87542235f4ca8d36d03a15bfc128a6559a2f4"},
]
six = [
    {file = "six-1.16.0-py2.py3-none-any.whl", hash = "sha256:8abb2f1d86890a2dfb989f9a77cfcfd3e47c2a354b01111771326f8aa26e0254"},
    {file = "six-1.16.0.tar.gz", hash = "sha256:1e61c37477a1626458e36f7b1d82aa5c9b094fa4802892072e49de9c60c4c926"},
]
spotipy = [
    {file = "spotipy-2.21.0-py2-none-any.whl", hash = "sha256:1e34fe31fe0722e4a3cb85d90003948924b1dd8c28367ea8e0f8d11662e63c76"},
    {file = "spotipy-2.21.0-py3-none-any.whl", hash = "sha256:26f6f924ffed5195601c6d623dfd1f822474ffdac7e5c61ab63b468aaa48b196"},
    {file = "spotipy-2.21.0.tar.gz", hash = "sha256:621161a9b5aa015681c2ee1bb8873cee2ee6b440d84040da9d2a57cd67f7d5e5"},
]
typing-extensions = [
    {file = "typing_extensions-4.4.0-py3-none-any.whl", hash = "sha256:16fa4864408f655d35ec496218b85f79b3437c829e93320c7c9215ccfd92489e"},
    {file = "typing_extensions-4.4.0.tar.gz", hash = "sha256:1511434bb92bf8dd198c12b1cc812e800d4181cfcb867674e0f8279cc93087aa"},
]
urllib3 = [
    {file = "urllib3-1.26.12-py2.py3-none-any.whl", hash = "sha256:b930dd878d5a8afb066a637fbb35144fe7901e3b209d1cd4f524bd0e9deee997"},
    {file = "urllib3-1.26.12.tar.gz", hash = "sha256:3fa96cf423e6987997fc326ae8df396db2a8b7c667747d47ddd8ecba91f4a74e"},
]
websocket-client = [
    {file = "websocket-client-1.5.1.tar.gz", hash = "sha256:3f09e6d8230892547132177f575a4e3e73cfdf06526e20cc02aa1c3b47184d40"},
    {file = "websocket_client-1.5.1-py3-none-any.whl", hash = "sha256:cdf5877568b7e83aa7cf2244ab56a3213de587bbe0ce9d8b9600fc77b455d89e"},
]
zeroconf = [
    {file = "zeroconf-0.62.0-cp310-cp310-macosx_11_0_x86_64.whl", hash = "sha256:eb784bdd12de5642d9570cd8259d0990fb5be1df6b85ecb69fafc1f0614641a5"},
    {file = "zeroconf-0.62.0-cp310-cp310-manylinux_2_17_i686.manylinux_2_5_i686.manylinux1_i686.manylinux2014_i686.whl", hash = "sha256:7ea514a329ec63deb470aa859acd3bf4ba4d82d4deba784d8c81ecd5beefb224"},
    {file = "zeroconf-0.62.0-cp310-cp310-manylinux_2_17_x86_64.manylinux2014_x86_64.whl", hash = "sha256:4abd599668c0f03623df96b63afe8423f48c33296571d93610a2cf2f8bdf4a3f"},
    {file = "zeroconf-0.62.0-cp310-cp310-manylinux_2_31_x86_64.whl", hash = "sha256:e1da206fadbd10a4a8caeaf347a185b9b570744c5e063ac47bc76d27a99712b3"},
    {file = "zeroconf-0.62.0-cp310-cp310-musllinux_1_1_i686.whl", hash = "sha256:347ecd859b45a97fb191b2aa7e3c24281761958e75728ecd5635055dda0b4ecb"},
    {file = "zeroconf-0.62.0-cp310-cp310-musllinux_1_1_x86_64.whl", hash = "sha256:12441c02eee67ef3b5a058d1eeb3c8d18cf5f17c3a50be8c1349ffac03157a2f"},
    {file = "zeroconf-0.62.0-cp310-cp310-win32.whl", hash = "sha256:7d82d43bf127d3c6ef179025ba22c2feb60a39e80f0d8619a2fbadaab73661a3"},
    {file = "zeroconf-0.62.0-cp310-cp310-win_amd64.whl", hash = "sha256:e2a73a78c500c43b2ddcf88162bbc2da48002d6322affcde1b0637070e682e1e"},
    {file = "zeroconf-0.62.0-cp311-cp311-macosx_11_0_x86_64.whl", hash = "sha256:93b43b3a2434325064a24653da18f91a876a70ef7f6aa33340e031b10bc69cbe"},
    {file = "zeroconf-0.62.0-cp311-cp311-manylinux_2_17_i686.manylinux_2_5_i686.manylinux1_i686.manylinux2014_i686.whl", hash = "sha256:11a9172ebc5a768bdc4b09684814f8c2da8664d612ecbc0f63ebcb1092ca4624"},
    {file = "zeroconf-0.62.0-cp311-cp311-manylinux_2_17_x86_64.manylinux2014_x86_64.whl", hash = "sha256:b11ec2e9a039cb153e2b223462ab219085fa52199d2d56e16acb8cf50eae24a1"},
    {file = "zeroconf-0.62.0-cp311-cp311-musllinux_1_1_i686.whl", hash = "sha256:b5efbf2d1bf5faed732d8ea8fc50001ca782c5f0292ca59d8e00a5777bf635e4"},
    {file = "zeroconf-0.62.0-cp311-cp311-musllinux_1_1_x86_64.whl", hash = "sha256:5d151107eafc1480690af42d02483120830f2b4386bb44f60078db0d99e75075"},
    {file = "zeroconf-0.62.0-cp311-cp311-win32.whl", hash = "sha256:f409826daf59aa42fecc405bb7bf991453b345dc73e067c5f46bd80e6614a47d"},
    {file = "zeroconf-0.62.0-cp311-cp311-win_amd64.whl", hash = "sha256:bd06b848841741c1138828bc410451800eef341449d28899eef11285f39698ac"},
    {file = "zeroconf-0.62.0-cp37-cp37m-macosx_11_0_x86_64.whl", hash = "sha256:d57764a83465eec9b1e53a91ce2c69c632c8eea63daec712bf4ef3f56c5088d5"},
    {file = "zeroconf-0.62.0-cp37-cp37m-manylinux_2_17_i686.manylinux_2_5_i686.manylinux1_i686.manylinux2014_i686.whl", hash = "sha256:295cea60fdc2dee509cd8f1e1d31f8c9d09a503cf6a824423fe91102229026b1"},
    {file = "zeroconf-0.62.0-cp37-cp37m-manylinux_2_17_x86_64.manylinux2014_x86_64.whl", hash = "sha256:6c6f41bc8d9c2f5088dcb4be6e64b0976734825c1e7989a8f92be0d2b40d1167"},
    {file = "zeroconf-0.62.0-cp37-cp37m-musllinux_1_1_i686.whl", hash = "sha256:a96e9f8cae73dab2c25bd06ccc668299352773890ca2866c9f58cf8a75ab3d38"},
    {file = "zeroconf-0.62.0-cp37-cp37m-musllinux_1_1_x86_64.whl", hash = "sha256:4b0e2fe841a12076ca674ecd16c13e53432504d5f1eae1fcca1f84cd325fc7f2"},
    {file = "zeroconf-0.62.0-cp37-cp37m-win32.whl", hash = "sha256:6c04f39ad2cd4fb72950256c17bb972ecb9688ec7118efa195172ea0b138b9ee"},
    {file = "zeroconf-0.62.0-cp37-cp37m-win_amd64.whl", hash = "sha256:5c3acfc7bf2838b8ca9082dfcb741a042da44781317a011ff51b668e937ceb2e"},
    {file = "zeroconf-0.62.0-cp38-cp38-macosx_11_0_x86_64.whl", hash = "sha256:d5b02cd16ddd839a05eedc2e775786f0dd30f1dbf4ee3b8844db25382b944752"},
    {file = "zeroconf-0.62.0-cp38-cp38-manylinux_2_17_i686.manylinux_2_5_i686.manylinux1_i686.manylinux2014_i686.whl", hash = "sha256:68e81a0ef6b5d67d098256420f250dd01aa81d051697eb73d9c9712a063c2d2d"},
    {file = "zeroconf-0.62.0-cp38-cp38-manylinux_2_17_x86_64.manylinux2014_x86_64.whl", hash = "sha256:499da0534ef3ea728fc02104386c87d178d6e0ad0727edcff619d29767e4e903"},
    {file = "zeroconf-0.62.0-cp38-cp38-musllinux_1_1_i686.whl", hash = "sha256:70db211ad01e4859beb9f49e71cdcb8828c19ebe5cc475e5b057f1c1cf73bca0"},
    {file = "zeroconf-0.62.0-cp38-cp38-musllinux_1_1_x86_64.whl", hash = "sha256:08c95a60c1fe967ce7bf722b908cdfc646fe9ba55952a67a3cb3dfcdf3cf5b37"},
    {file = "zeroconf-0.62.0-cp38-cp38-win32.whl", hash = "sha256:d7ff5ec40600b14b63bd1196ba288a7765615154e568fc086e5e0b610f5bff84"},
    {file = "zeroconf-0.62.0-cp38-cp38-win_amd64.whl", hash = "sha256:e1c93d2eb969892b8bb394c0cd9154ea7a01fa0138ac673d0a07a95b65ef4d4b"},
    {file = "zeroconf-0.62.0-cp39-cp39-macosx_11_0_x86_64.whl", hash = "sha256:d149513c43b0a7c7cac39bf618f4a436ba9e26334c8d25f1c35d81b69c944c8b"},
    {file = "zeroconf-0.62.0-cp39-cp39-manylinux_2_17_i686.manylinux_2_5_i686.manylinux1_i686.manylinux2014_i686.whl", hash = "sha256:5d76000cb1b8fbe8708d0d801189e32e6f2338f69120333c97e031a925eeb108"},
    {file = "zeroconf-0.62.0-cp39-cp39-manylinux_2_17_x86_64.manylinux2014_x86_64.whl", hash = "sha256:5ba1bb5a75a0a806376ac3ed000ee7e6806db51a96a52207ffca4ac36cd46d57"},
    {file = "zeroconf-0.62.0-cp39-cp39-musllinux_1_1_i686.whl", hash = "sha256:1a7f65d8b20db5eb28c60ddf199cf388421d2c16086024c2c808ac352e08cf0b"},
    {file = "zeroconf-0.62.0-cp39-cp39-musllinux_1_1_x86_64.whl", hash = "sha256:dfaeae05fba844dc613294e2dc3acebd23e7eee12245b8b0069c959913b94051"},
    {file = "zeroconf-0.62.0-cp39-cp39-win32.whl", hash = "sha256:e5bf2369ae3f6feae03235003a1a731f81115d68ed8df29cde50560c801f55c3"},
    {file = "zeroconf-0.62.0-cp39-cp39-win_amd64.whl", hash = "sha256:cb1baf6e1d025283a72c1106619577bb106f66feb5838b520426bf67a54f66fb"},
    {file = "zeroconf-0.62.0-pp37-pypy37_pp73-macosx_11_0_x86_64.whl", hash = "sha256:d44d7d1ad67e65f09a5384d88e2c6b783c533290374094b6bf314b8963f3f13d"},
    {file = "zeroconf-0.62.0-pp37-pypy37_pp73-manylinux_2_17_i686.manylinux_2_5_i686.manylinux1_i686.manylinux2014_i686.whl", hash = "sha256:64163998a06987780b35744e4e52ef8dbf872801a0faca756f33a270a2e81fc3"},
    {file = "zeroconf-0.62.0-pp37-pypy37_pp73-manylinux_2_17_x86_64.manylinux2014_x86_64.whl", hash = "sha256:32380657a1e0ea4e5bdb407cba7bb983e374346008cfac908f977e22fc243407"},
    {file = "zeroconf-0.62.0-pp37-pypy37_pp73-win_amd64.whl", hash = "sha256:8e70edf2f047de2ef471094262c6a94d13ae690c17bf22d6dbed49b610a83148"},
    {file = "zeroconf-0.62.0-pp38-pypy38_pp73-macosx_11_0_x86_64.whl", hash = "sha256:9524952b3e865d150daed4156760c7c77c6b108e506985c25d9efcd965e755e9"},
    {file = "zeroconf-0.62.0-pp38-pypy38_pp73-manylinux_2_17_i686.manylinux_2_5_i686.manylinux1_i686.manylinux2014_i686.whl", hash = "sha256:80bce57c458d48f179472b5251dd266632978bbb7e5dca47138e9564feaef7bd"},
    {file = "zeroconf-0.62.0-pp38-pypy38_pp73-manylinux_2_17_x86_64.manylinux2014_x86_64.whl", hash = "sha256:26e2d86e31842a5d8f7df7dc669b6fbda979ec956363206d05572bb04d1d4400"},
    {file = "zeroconf-0.62.0-pp38-pypy38_pp73-win_amd64.whl", hash = "sha256:dc791a12076c3889f62d5baf031af65fff702d4e9f42962c4bd5df1b199ba98a"},
    {file = "zeroconf-0.62.0-pp39-pypy39_pp73-macosx_11_0_x86_64.whl", hash = "sha256:36da363536a2e16fd29b28045fc04292bae171063260b87abe12fd74db038d7a"},
    {file = "zeroconf-0.62.0-pp39-pypy39_pp73-manylinux_2_17_i686.manylinux_2_5_i686.manylinux1_i686.manylinux2014_i686.whl", hash = "sha256:40021028da67058c5749c8388617f1ced3b57f8ec22c1a39dc7b44b7017a696b"},
    {file = "zeroconf-0.62.0-pp39-pypy39_pp73-manylinux_2_17_x86_64.manylinux2014_x86_64.whl", hash = "sha256:64d34d01f215843cfa043aa3ad93da4bf16055c245fd254281c35c82dae6eb06"},
    {file = "zeroconf-0.62.0-pp39-pypy39_pp73-win_amd64.whl", hash = "sha256:7d4d7d7f3ad8bb2c9f12cec6d7b1f192510dc3995f18f600c4f13cbc422d0fe3"},
    {file = "zeroconf-0.62.0.tar.gz", hash = "sha256:c51340a8a7f13d7265dcc582c4a97907c11e4f3d23d5234d3c2c0e44fb446717"},
]
zipp = [
    {file = "zipp-3.11.0-py3-none-any.whl", hash = "sha256:83a28fcb75844b5c0cdaf5aa4003c2d728c77e05f5aeabe8e95e56727005fbaa"},
    {file = "zipp-3.11.0.tar.gz", hash = "sha256:a7a22e05929290a67401440b39690ae6563279bced5f314609d9d03798f56766"},
]
